// !$*UTF8*$!
{
	archiveVersion = 1;
	classes = {
	};
	objectVersion = 60;
	objects = {

/* Begin PBXBuildFile section */
		9D2D08092AA9F602007AB5B7 /* CachedOverlay.swift in Sources */ = {isa = PBXBuildFile; fileRef = 9D2D08082AA9F602007AB5B7 /* CachedOverlay.swift */; };
		9D2D080C2AA9F63D007AB5B7 /* Cache in Frameworks */ = {isa = PBXBuildFile; productRef = 9D2D080B2AA9F63D007AB5B7 /* Cache */; };
		9D8DD0822AA526730053FB8D /* Semaphore in Frameworks */ = {isa = PBXBuildFile; productRef = 9D8DD0812AA526730053FB8D /* Semaphore */; };
		9DE12DB52AA7201000AC759C /* Buttons.swift in Sources */ = {isa = PBXBuildFile; fileRef = 9DE12DB42AA7201000AC759C /* Buttons.swift */; };
		9DE12DB72AA7202E00AC759C /* LocationModel.swift in Sources */ = {isa = PBXBuildFile; fileRef = 9DE12DB62AA7202E00AC759C /* LocationModel.swift */; };
		9DE12DBA2AA7208200AC759C /* LocationViewModel.swift in Sources */ = {isa = PBXBuildFile; fileRef = 9DE12DB92AA7208200AC759C /* LocationViewModel.swift */; };
		9DE12DBC2AA721ED00AC759C /* LocationEditView.swift in Sources */ = {isa = PBXBuildFile; fileRef = 9DE12DBB2AA721ED00AC759C /* LocationEditView.swift */; };
		EC55D7D92AD1B358007C7E2D /* LocationsListView.swift in Sources */ = {isa = PBXBuildFile; fileRef = EC55D7D82AD1B358007C7E2D /* LocationsListView.swift */; };
		EC8B5E562ACDEC92002AEA38 /* NpyHeader.swift in Sources */ = {isa = PBXBuildFile; fileRef = EC8B5E512ACDEC91002AEA38 /* NpyHeader.swift */; };
		EC8B5E572ACDEC92002AEA38 /* NpySaver.swift in Sources */ = {isa = PBXBuildFile; fileRef = EC8B5E522ACDEC91002AEA38 /* NpySaver.swift */; };
		EC8B5E582ACDEC92002AEA38 /* NpyLoader.swift in Sources */ = {isa = PBXBuildFile; fileRef = EC8B5E532ACDEC91002AEA38 /* NpyLoader.swift */; };
		EC8B5E592ACDEC92002AEA38 /* DataType.swift in Sources */ = {isa = PBXBuildFile; fileRef = EC8B5E542ACDEC92002AEA38 /* DataType.swift */; };
		EC8B5E5A2ACDEC92002AEA38 /* Npy.swift in Sources */ = {isa = PBXBuildFile; fileRef = EC8B5E552ACDEC92002AEA38 /* Npy.swift */; };
		EC8B5E5D2ACDEE3A002AEA38 /* ELM.swift in Sources */ = {isa = PBXBuildFile; fileRef = EC8B5E5B2ACDEE3A002AEA38 /* ELM.swift */; };
		EC8B5E5E2ACDEE3A002AEA38 /* utils.swift in Sources */ = {isa = PBXBuildFile; fileRef = EC8B5E5C2ACDEE3A002AEA38 /* utils.swift */; };
		EC8B5E602ACDEEA4002AEA38 /* imageUtils.swift in Sources */ = {isa = PBXBuildFile; fileRef = EC8B5E5F2ACDEEA4002AEA38 /* imageUtils.swift */; };
		EC8B5E622ACDEF02002AEA38 /* ELMModel.swift in Sources */ = {isa = PBXBuildFile; fileRef = EC8B5E612ACDEF02002AEA38 /* ELMModel.swift */; };
		EC8B5E772ACE14B2002AEA38 /* bias_100.npy in Resources */ = {isa = PBXBuildFile; fileRef = EC8B5E6B2ACE14AC002AEA38 /* bias_100.npy */; };
		EC8B5E782ACE14B2002AEA38 /* W_300.npy in Resources */ = {isa = PBXBuildFile; fileRef = EC8B5E6C2ACE14AD002AEA38 /* W_300.npy */; };
		EC8B5E792ACE14B2002AEA38 /* W_1000.npy in Resources */ = {isa = PBXBuildFile; fileRef = EC8B5E6D2ACE14AD002AEA38 /* W_1000.npy */; };
		EC8B5E7A2ACE14B2002AEA38 /* W_3000.npy in Resources */ = {isa = PBXBuildFile; fileRef = EC8B5E6E2ACE14AE002AEA38 /* W_3000.npy */; };
		EC8B5E7B2ACE14B2002AEA38 /* X.npy in Resources */ = {isa = PBXBuildFile; fileRef = EC8B5E6F2ACE14AF002AEA38 /* X.npy */; };
		EC8B5E7C2ACE14B2002AEA38 /* Y.npy in Resources */ = {isa = PBXBuildFile; fileRef = EC8B5E702ACE14AF002AEA38 /* Y.npy */; };
		EC8B5E7D2ACE14B2002AEA38 /* bias_300.npy in Resources */ = {isa = PBXBuildFile; fileRef = EC8B5E712ACE14B0002AEA38 /* bias_300.npy */; };
		EC8B5E7E2ACE14B2002AEA38 /* W_30.npy in Resources */ = {isa = PBXBuildFile; fileRef = EC8B5E722ACE14B0002AEA38 /* W_30.npy */; };
		EC8B5E7F2ACE14B2002AEA38 /* W_100.npy in Resources */ = {isa = PBXBuildFile; fileRef = EC8B5E732ACE14B1002AEA38 /* W_100.npy */; };
		EC8B5E802ACE14B2002AEA38 /* bias_30.npy in Resources */ = {isa = PBXBuildFile; fileRef = EC8B5E742ACE14B1002AEA38 /* bias_30.npy */; };
		EC8B5E812ACE14B2002AEA38 /* bias_1000.npy in Resources */ = {isa = PBXBuildFile; fileRef = EC8B5E752ACE14B2002AEA38 /* bias_1000.npy */; };
		EC8B5E822ACE14B2002AEA38 /* bias_3000.npy in Resources */ = {isa = PBXBuildFile; fileRef = EC8B5E762ACE14B2002AEA38 /* bias_3000.npy */; };
		ECD617532AA4B7C400C0633B /* AppDelegate.swift in Sources */ = {isa = PBXBuildFile; fileRef = ECD617522AA4B7C400C0633B /* AppDelegate.swift */; };
		ECD617552AA4B7C400C0633B /* SceneDelegate.swift in Sources */ = {isa = PBXBuildFile; fileRef = ECD617542AA4B7C400C0633B /* SceneDelegate.swift */; };
		ECD6175C2AA4B7DC00C0633B /* Assets.xcassets in Resources */ = {isa = PBXBuildFile; fileRef = ECD6175B2AA4B7DC00C0633B /* Assets.xcassets */; };
		ECD6175F2AA4B7DC00C0633B /* LaunchScreen.storyboard in Resources */ = {isa = PBXBuildFile; fileRef = ECD6175D2AA4B7DC00C0633B /* LaunchScreen.storyboard */; };
		ECD617812AA4B90B00C0633B /* ContentView.swift in Sources */ = {isa = PBXBuildFile; fileRef = ECD617802AA4B90B00C0633B /* ContentView.swift */; };
		ECD617852AA4B9B200C0633B /* MapView.swift in Sources */ = {isa = PBXBuildFile; fileRef = ECD617842AA4B9B200C0633B /* MapView.swift */; };
		ECD617872AA4BD0D00C0633B /* LayersModel.swift in Sources */ = {isa = PBXBuildFile; fileRef = ECD617862AA4BD0D00C0633B /* LayersModel.swift */; };
		ECD6178F2AA4E23200C0633B /* TilesModel.swift in Sources */ = {isa = PBXBuildFile; fileRef = ECD6178E2AA4E23200C0633B /* TilesModel.swift */; };
/* End PBXBuildFile section */

/* Begin PBXFileReference section */
		9D2D08082AA9F602007AB5B7 /* CachedOverlay.swift */ = {isa = PBXFileReference; lastKnownFileType = sourcecode.swift; path = CachedOverlay.swift; sourceTree = "<group>"; };
		9DE12DB42AA7201000AC759C /* Buttons.swift */ = {isa = PBXFileReference; lastKnownFileType = sourcecode.swift; path = Buttons.swift; sourceTree = "<group>"; };
		9DE12DB62AA7202E00AC759C /* LocationModel.swift */ = {isa = PBXFileReference; lastKnownFileType = sourcecode.swift; path = LocationModel.swift; sourceTree = "<group>"; };
		9DE12DB92AA7208200AC759C /* LocationViewModel.swift */ = {isa = PBXFileReference; lastKnownFileType = sourcecode.swift; path = LocationViewModel.swift; sourceTree = "<group>"; };
		9DE12DBB2AA721ED00AC759C /* LocationEditView.swift */ = {isa = PBXFileReference; lastKnownFileType = sourcecode.swift; path = LocationEditView.swift; sourceTree = "<group>"; };
		EC55D7D82AD1B358007C7E2D /* LocationsListView.swift */ = {isa = PBXFileReference; lastKnownFileType = sourcecode.swift; path = LocationsListView.swift; sourceTree = "<group>"; };
		EC8B5E512ACDEC91002AEA38 /* NpyHeader.swift */ = {isa = PBXFileReference; fileEncoding = 4; lastKnownFileType = sourcecode.swift; path = NpyHeader.swift; sourceTree = "<group>"; };
		EC8B5E522ACDEC91002AEA38 /* NpySaver.swift */ = {isa = PBXFileReference; fileEncoding = 4; lastKnownFileType = sourcecode.swift; path = NpySaver.swift; sourceTree = "<group>"; };
		EC8B5E532ACDEC91002AEA38 /* NpyLoader.swift */ = {isa = PBXFileReference; fileEncoding = 4; lastKnownFileType = sourcecode.swift; path = NpyLoader.swift; sourceTree = "<group>"; };
		EC8B5E542ACDEC92002AEA38 /* DataType.swift */ = {isa = PBXFileReference; fileEncoding = 4; lastKnownFileType = sourcecode.swift; path = DataType.swift; sourceTree = "<group>"; };
		EC8B5E552ACDEC92002AEA38 /* Npy.swift */ = {isa = PBXFileReference; fileEncoding = 4; lastKnownFileType = sourcecode.swift; path = Npy.swift; sourceTree = "<group>"; };
		EC8B5E5B2ACDEE3A002AEA38 /* ELM.swift */ = {isa = PBXFileReference; fileEncoding = 4; lastKnownFileType = sourcecode.swift; path = ELM.swift; sourceTree = "<group>"; };
		EC8B5E5C2ACDEE3A002AEA38 /* utils.swift */ = {isa = PBXFileReference; fileEncoding = 4; lastKnownFileType = sourcecode.swift; path = utils.swift; sourceTree = "<group>"; };
		EC8B5E5F2ACDEEA4002AEA38 /* imageUtils.swift */ = {isa = PBXFileReference; fileEncoding = 4; lastKnownFileType = sourcecode.swift; path = imageUtils.swift; sourceTree = "<group>"; };
		EC8B5E612ACDEF02002AEA38 /* ELMModel.swift */ = {isa = PBXFileReference; lastKnownFileType = sourcecode.swift; path = ELMModel.swift; sourceTree = "<group>"; };
		EC8B5E6B2ACE14AC002AEA38 /* bias_100.npy */ = {isa = PBXFileReference; lastKnownFileType = file; path = bias_100.npy; sourceTree = "<group>"; };
		EC8B5E6C2ACE14AD002AEA38 /* W_300.npy */ = {isa = PBXFileReference; lastKnownFileType = file; path = W_300.npy; sourceTree = "<group>"; };
		EC8B5E6D2ACE14AD002AEA38 /* W_1000.npy */ = {isa = PBXFileReference; lastKnownFileType = file; path = W_1000.npy; sourceTree = "<group>"; };
		EC8B5E6E2ACE14AE002AEA38 /* W_3000.npy */ = {isa = PBXFileReference; lastKnownFileType = file; path = W_3000.npy; sourceTree = "<group>"; };
		EC8B5E6F2ACE14AF002AEA38 /* X.npy */ = {isa = PBXFileReference; lastKnownFileType = file; path = X.npy; sourceTree = "<group>"; };
		EC8B5E702ACE14AF002AEA38 /* Y.npy */ = {isa = PBXFileReference; lastKnownFileType = file; path = Y.npy; sourceTree = "<group>"; };
		EC8B5E712ACE14B0002AEA38 /* bias_300.npy */ = {isa = PBXFileReference; lastKnownFileType = file; path = bias_300.npy; sourceTree = "<group>"; };
		EC8B5E722ACE14B0002AEA38 /* W_30.npy */ = {isa = PBXFileReference; lastKnownFileType = file; path = W_30.npy; sourceTree = "<group>"; };
		EC8B5E732ACE14B1002AEA38 /* W_100.npy */ = {isa = PBXFileReference; lastKnownFileType = file; path = W_100.npy; sourceTree = "<group>"; };
		EC8B5E742ACE14B1002AEA38 /* bias_30.npy */ = {isa = PBXFileReference; lastKnownFileType = file; path = bias_30.npy; sourceTree = "<group>"; };
		EC8B5E752ACE14B2002AEA38 /* bias_1000.npy */ = {isa = PBXFileReference; lastKnownFileType = file; path = bias_1000.npy; sourceTree = "<group>"; };
		EC8B5E762ACE14B2002AEA38 /* bias_3000.npy */ = {isa = PBXFileReference; lastKnownFileType = file; path = bias_3000.npy; sourceTree = "<group>"; };
		ECD6174F2AA4B7C400C0633B /* HaSuRiski.app */ = {isa = PBXFileReference; explicitFileType = wrapper.application; includeInIndex = 0; path = HaSuRiski.app; sourceTree = BUILT_PRODUCTS_DIR; };
		ECD617522AA4B7C400C0633B /* AppDelegate.swift */ = {isa = PBXFileReference; lastKnownFileType = sourcecode.swift; path = AppDelegate.swift; sourceTree = "<group>"; };
		ECD617542AA4B7C400C0633B /* SceneDelegate.swift */ = {isa = PBXFileReference; lastKnownFileType = sourcecode.swift; path = SceneDelegate.swift; sourceTree = "<group>"; };
		ECD6175B2AA4B7DC00C0633B /* Assets.xcassets */ = {isa = PBXFileReference; lastKnownFileType = folder.assetcatalog; path = Assets.xcassets; sourceTree = "<group>"; };
		ECD6175E2AA4B7DC00C0633B /* Base */ = {isa = PBXFileReference; lastKnownFileType = file.storyboard; name = Base; path = Base.lproj/LaunchScreen.storyboard; sourceTree = "<group>"; };
		ECD617602AA4B7DC00C0633B /* Info.plist */ = {isa = PBXFileReference; lastKnownFileType = text.plist.xml; path = Info.plist; sourceTree = "<group>"; };
		ECD617802AA4B90B00C0633B /* ContentView.swift */ = {isa = PBXFileReference; lastKnownFileType = sourcecode.swift; path = ContentView.swift; sourceTree = "<group>"; };
		ECD617842AA4B9B200C0633B /* MapView.swift */ = {isa = PBXFileReference; lastKnownFileType = sourcecode.swift; path = MapView.swift; sourceTree = "<group>"; };
		ECD617862AA4BD0D00C0633B /* LayersModel.swift */ = {isa = PBXFileReference; lastKnownFileType = sourcecode.swift; path = LayersModel.swift; sourceTree = "<group>"; };
		ECD6178E2AA4E23200C0633B /* TilesModel.swift */ = {isa = PBXFileReference; lastKnownFileType = sourcecode.swift; path = TilesModel.swift; sourceTree = "<group>"; };
/* End PBXFileReference section */

/* Begin PBXFrameworksBuildPhase section */
		ECD6174C2AA4B7C400C0633B /* Frameworks */ = {
			isa = PBXFrameworksBuildPhase;
			buildActionMask = 2147483647;
			files = (
				9D8DD0822AA526730053FB8D /* Semaphore in Frameworks */,
				9D2D080C2AA9F63D007AB5B7 /* Cache in Frameworks */,
			);
			runOnlyForDeploymentPostprocessing = 0;
		};
/* End PBXFrameworksBuildPhase section */

/* Begin PBXGroup section */
		9DE12DB82AA7206700AC759C /* ViewModel */ = {
			isa = PBXGroup;
			children = (
				9DE12DB92AA7208200AC759C /* LocationViewModel.swift */,
			);
			path = ViewModel;
			sourceTree = "<group>";
		};
		EC8B5E4B2ACDEC1A002AEA38 /* ELM */ = {
			isa = PBXGroup;
			children = (
				EC8B5E742ACE14B1002AEA38 /* bias_30.npy */,
				EC8B5E6B2ACE14AC002AEA38 /* bias_100.npy */,
				EC8B5E712ACE14B0002AEA38 /* bias_300.npy */,
				EC8B5E752ACE14B2002AEA38 /* bias_1000.npy */,
				EC8B5E762ACE14B2002AEA38 /* bias_3000.npy */,
				EC8B5E722ACE14B0002AEA38 /* W_30.npy */,
				EC8B5E732ACE14B1002AEA38 /* W_100.npy */,
				EC8B5E6C2ACE14AD002AEA38 /* W_300.npy */,
				EC8B5E6D2ACE14AD002AEA38 /* W_1000.npy */,
				EC8B5E6E2ACE14AE002AEA38 /* W_3000.npy */,
				EC8B5E6F2ACE14AF002AEA38 /* X.npy */,
				EC8B5E702ACE14AF002AEA38 /* Y.npy */,
				EC8B5E5B2ACDEE3A002AEA38 /* ELM.swift */,
				EC8B5E5C2ACDEE3A002AEA38 /* utils.swift */,
			);
			path = ELM;
			sourceTree = "<group>";
		};
		EC8B5E502ACDEC68002AEA38 /* SwiftNpy */ = {
			isa = PBXGroup;
			children = (
				EC8B5E542ACDEC92002AEA38 /* DataType.swift */,
				EC8B5E552ACDEC92002AEA38 /* Npy.swift */,
				EC8B5E512ACDEC91002AEA38 /* NpyHeader.swift */,
				EC8B5E532ACDEC91002AEA38 /* NpyLoader.swift */,
				EC8B5E522ACDEC91002AEA38 /* NpySaver.swift */,
			);
			path = SwiftNpy;
			sourceTree = "<group>";
		};
		ECD617462AA4B7C400C0633B = {
			isa = PBXGroup;
			children = (
				ECD617512AA4B7C400C0633B /* MapKitTest */,
				ECD617502AA4B7C400C0633B /* Products */,
			);
			sourceTree = "<group>";
		};
		ECD617502AA4B7C400C0633B /* Products */ = {
			isa = PBXGroup;
			children = (
				ECD6174F2AA4B7C400C0633B /* HaSuRiski.app */,
			);
			name = Products;
			sourceTree = "<group>";
		};
		ECD617512AA4B7C400C0633B /* MapKitTest */ = {
			isa = PBXGroup;
			children = (
				EC8B5E502ACDEC68002AEA38 /* SwiftNpy */,
				EC8B5E4B2ACDEC1A002AEA38 /* ELM */,
				ECD617602AA4B7DC00C0633B /* Info.plist */,
				ECD6175B2AA4B7DC00C0633B /* Assets.xcassets */,
				ECD617822AA4B95B00C0633B /* Main */,
				ECD6178D2AA4E22600C0633B /* Model */,
				ECD617832AA4B9A700C0633B /* View */,
				9DE12DB82AA7206700AC759C /* ViewModel */,
			);
			path = MapKitTest;
			sourceTree = "<group>";
		};
		ECD617822AA4B95B00C0633B /* Main */ = {
			isa = PBXGroup;
			children = (
				ECD617522AA4B7C400C0633B /* AppDelegate.swift */,
				ECD617542AA4B7C400C0633B /* SceneDelegate.swift */,
				ECD6175D2AA4B7DC00C0633B /* LaunchScreen.storyboard */,
				ECD617802AA4B90B00C0633B /* ContentView.swift */,
			);
			path = Main;
			sourceTree = "<group>";
		};
		ECD617832AA4B9A700C0633B /* View */ = {
			isa = PBXGroup;
			children = (
				ECD617842AA4B9B200C0633B /* MapView.swift */,
				9DE12DB42AA7201000AC759C /* Buttons.swift */,
				9DE12DBB2AA721ED00AC759C /* LocationEditView.swift */,
				EC55D7D82AD1B358007C7E2D /* LocationsListView.swift */,
			);
			path = View;
			sourceTree = "<group>";
		};
		ECD6178D2AA4E22600C0633B /* Model */ = {
			isa = PBXGroup;
			children = (
				EC8B5E5F2ACDEEA4002AEA38 /* imageUtils.swift */,
				ECD617862AA4BD0D00C0633B /* LayersModel.swift */,
				ECD6178E2AA4E23200C0633B /* TilesModel.swift */,
				9DE12DB62AA7202E00AC759C /* LocationModel.swift */,
				9D2D08082AA9F602007AB5B7 /* CachedOverlay.swift */,
				EC8B5E612ACDEF02002AEA38 /* ELMModel.swift */,
			);
			path = Model;
			sourceTree = "<group>";
		};
/* End PBXGroup section */

/* Begin PBXNativeTarget section */
		ECD6174E2AA4B7C400C0633B /* HaSuRiski */ = {
			isa = PBXNativeTarget;
			buildConfigurationList = ECD617632AA4B7DC00C0633B /* Build configuration list for PBXNativeTarget "HaSuRiski" */;
			buildPhases = (
				ECD6174B2AA4B7C400C0633B /* Sources */,
				ECD6174C2AA4B7C400C0633B /* Frameworks */,
				ECD6174D2AA4B7C400C0633B /* Resources */,
			);
			buildRules = (
			);
			dependencies = (
			);
			name = HaSuRiski;
			packageProductDependencies = (
				9D8DD0812AA526730053FB8D /* Semaphore */,
				9D2D080B2AA9F63D007AB5B7 /* Cache */,
			);
			productName = MapKitTest;
			productReference = ECD6174F2AA4B7C400C0633B /* HaSuRiski.app */;
			productType = "com.apple.product-type.application";
		};
/* End PBXNativeTarget section */

/* Begin PBXProject section */
		ECD617472AA4B7C400C0633B /* Project object */ = {
			isa = PBXProject;
			attributes = {
				BuildIndependentTargetsInParallel = 1;
				LastSwiftUpdateCheck = 1500;
				LastUpgradeCheck = 1500;
				TargetAttributes = {
					ECD6174E2AA4B7C400C0633B = {
						CreatedOnToolsVersion = 15.0;
					};
				};
			};
			buildConfigurationList = ECD6174A2AA4B7C400C0633B /* Build configuration list for PBXProject "HaSuRiski" */;
			compatibilityVersion = "Xcode 14.0";
			developmentRegion = en;
			hasScannedForEncodings = 0;
			knownRegions = (
				en,
				Base,
			);
			mainGroup = ECD617462AA4B7C400C0633B;
			packageReferences = (
				ECD6178A2AA4BEAA00C0633B /* XCLocalSwiftPackageReference "../Semaphore" */,
				9D2D080A2AA9F63D007AB5B7 /* XCLocalSwiftPackageReference "../Cache" */,
			);
			productRefGroup = ECD617502AA4B7C400C0633B /* Products */;
			projectDirPath = "";
			projectRoot = "";
			targets = (
				ECD6174E2AA4B7C400C0633B /* HaSuRiski */,
			);
		};
/* End PBXProject section */

/* Begin PBXResourcesBuildPhase section */
		ECD6174D2AA4B7C400C0633B /* Resources */ = {
			isa = PBXResourcesBuildPhase;
			buildActionMask = 2147483647;
			files = (
				EC8B5E7E2ACE14B2002AEA38 /* W_30.npy in Resources */,
				EC8B5E7A2ACE14B2002AEA38 /* W_3000.npy in Resources */,
				ECD6175F2AA4B7DC00C0633B /* LaunchScreen.storyboard in Resources */,
				ECD6175C2AA4B7DC00C0633B /* Assets.xcassets in Resources */,
				EC8B5E812ACE14B2002AEA38 /* bias_1000.npy in Resources */,
				EC8B5E822ACE14B2002AEA38 /* bias_3000.npy in Resources */,
				EC8B5E7C2ACE14B2002AEA38 /* Y.npy in Resources */,
				EC8B5E802ACE14B2002AEA38 /* bias_30.npy in Resources */,
				EC8B5E772ACE14B2002AEA38 /* bias_100.npy in Resources */,
				EC8B5E7D2ACE14B2002AEA38 /* bias_300.npy in Resources */,
				EC8B5E7F2ACE14B2002AEA38 /* W_100.npy in Resources */,
				EC8B5E792ACE14B2002AEA38 /* W_1000.npy in Resources */,
				EC8B5E782ACE14B2002AEA38 /* W_300.npy in Resources */,
				EC8B5E7B2ACE14B2002AEA38 /* X.npy in Resources */,
			);
			runOnlyForDeploymentPostprocessing = 0;
		};
/* End PBXResourcesBuildPhase section */

/* Begin PBXSourcesBuildPhase section */
		ECD6174B2AA4B7C400C0633B /* Sources */ = {
			isa = PBXSourcesBuildPhase;
			buildActionMask = 2147483647;
			files = (
				EC8B5E572ACDEC92002AEA38 /* NpySaver.swift in Sources */,
				EC8B5E562ACDEC92002AEA38 /* NpyHeader.swift in Sources */,
				9DE12DB72AA7202E00AC759C /* LocationModel.swift in Sources */,
				9DE12DB52AA7201000AC759C /* Buttons.swift in Sources */,
				EC8B5E622ACDEF02002AEA38 /* ELMModel.swift in Sources */,
				ECD617532AA4B7C400C0633B /* AppDelegate.swift in Sources */,
				EC8B5E592ACDEC92002AEA38 /* DataType.swift in Sources */,
				EC8B5E5A2ACDEC92002AEA38 /* Npy.swift in Sources */,
				ECD617852AA4B9B200C0633B /* MapView.swift in Sources */,
				ECD617872AA4BD0D00C0633B /* LayersModel.swift in Sources */,
				EC8B5E5D2ACDEE3A002AEA38 /* ELM.swift in Sources */,
				EC8B5E5E2ACDEE3A002AEA38 /* utils.swift in Sources */,
				9D2D08092AA9F602007AB5B7 /* CachedOverlay.swift in Sources */,
				EC8B5E582ACDEC92002AEA38 /* NpyLoader.swift in Sources */,
				ECD617812AA4B90B00C0633B /* ContentView.swift in Sources */,
				EC55D7D92AD1B358007C7E2D /* LocationsListView.swift in Sources */,
				ECD617552AA4B7C400C0633B /* SceneDelegate.swift in Sources */,
				9DE12DBA2AA7208200AC759C /* LocationViewModel.swift in Sources */,
				ECD6178F2AA4E23200C0633B /* TilesModel.swift in Sources */,
				9DE12DBC2AA721ED00AC759C /* LocationEditView.swift in Sources */,
				EC8B5E602ACDEEA4002AEA38 /* imageUtils.swift in Sources */,
			);
			runOnlyForDeploymentPostprocessing = 0;
		};
/* End PBXSourcesBuildPhase section */

/* Begin PBXVariantGroup section */
		ECD6175D2AA4B7DC00C0633B /* LaunchScreen.storyboard */ = {
			isa = PBXVariantGroup;
			children = (
				ECD6175E2AA4B7DC00C0633B /* Base */,
			);
			name = LaunchScreen.storyboard;
			sourceTree = "<group>";
		};
/* End PBXVariantGroup section */

/* Begin XCBuildConfiguration section */
		ECD617612AA4B7DC00C0633B /* Debug */ = {
			isa = XCBuildConfiguration;
			buildSettings = {
				ALWAYS_SEARCH_USER_PATHS = NO;
				ASSETCATALOG_COMPILER_GENERATE_SWIFT_ASSET_SYMBOL_EXTENSIONS = YES;
				CLANG_ANALYZER_NONNULL = YES;
				CLANG_ANALYZER_NUMBER_OBJECT_CONVERSION = YES_AGGRESSIVE;
				CLANG_CXX_LANGUAGE_STANDARD = "gnu++20";
				CLANG_ENABLE_MODULES = YES;
				CLANG_ENABLE_OBJC_ARC = YES;
				CLANG_ENABLE_OBJC_WEAK = YES;
				CLANG_WARN_BLOCK_CAPTURE_AUTORELEASING = YES;
				CLANG_WARN_BOOL_CONVERSION = YES;
				CLANG_WARN_COMMA = YES;
				CLANG_WARN_CONSTANT_CONVERSION = YES;
				CLANG_WARN_DEPRECATED_OBJC_IMPLEMENTATIONS = YES;
				CLANG_WARN_DIRECT_OBJC_ISA_USAGE = YES_ERROR;
				CLANG_WARN_DOCUMENTATION_COMMENTS = YES;
				CLANG_WARN_EMPTY_BODY = YES;
				CLANG_WARN_ENUM_CONVERSION = YES;
				CLANG_WARN_INFINITE_RECURSION = YES;
				CLANG_WARN_INT_CONVERSION = YES;
				CLANG_WARN_NON_LITERAL_NULL_CONVERSION = YES;
				CLANG_WARN_OBJC_IMPLICIT_RETAIN_SELF = YES;
				CLANG_WARN_OBJC_LITERAL_CONVERSION = YES;
				CLANG_WARN_OBJC_ROOT_CLASS = YES_ERROR;
				CLANG_WARN_QUOTED_INCLUDE_IN_FRAMEWORK_HEADER = YES;
				CLANG_WARN_RANGE_LOOP_ANALYSIS = YES;
				CLANG_WARN_STRICT_PROTOTYPES = YES;
				CLANG_WARN_SUSPICIOUS_MOVE = YES;
				CLANG_WARN_UNGUARDED_AVAILABILITY = YES_AGGRESSIVE;
				CLANG_WARN_UNREACHABLE_CODE = YES;
				CLANG_WARN__DUPLICATE_METHOD_MATCH = YES;
				COPY_PHASE_STRIP = NO;
				DEBUG_INFORMATION_FORMAT = dwarf;
				ENABLE_STRICT_OBJC_MSGSEND = YES;
				ENABLE_TESTABILITY = YES;
				ENABLE_USER_SCRIPT_SANDBOXING = YES;
				GCC_C_LANGUAGE_STANDARD = gnu17;
				GCC_DYNAMIC_NO_PIC = NO;
				GCC_NO_COMMON_BLOCKS = YES;
				GCC_OPTIMIZATION_LEVEL = 0;
				GCC_PREPROCESSOR_DEFINITIONS = (
					"DEBUG=1",
					"$(inherited)",
				);
				GCC_WARN_64_TO_32_BIT_CONVERSION = YES;
				GCC_WARN_ABOUT_RETURN_TYPE = YES_ERROR;
				GCC_WARN_UNDECLARED_SELECTOR = YES;
				GCC_WARN_UNINITIALIZED_AUTOS = YES_AGGRESSIVE;
				GCC_WARN_UNUSED_FUNCTION = YES;
				GCC_WARN_UNUSED_VARIABLE = YES;
				IPHONEOS_DEPLOYMENT_TARGET = 17.0;
				LOCALIZATION_PREFERS_STRING_CATALOGS = YES;
				MTL_ENABLE_DEBUG_INFO = INCLUDE_SOURCE;
				MTL_FAST_MATH = YES;
				ONLY_ACTIVE_ARCH = YES;
				SDKROOT = iphoneos;
				SWIFT_ACTIVE_COMPILATION_CONDITIONS = "DEBUG $(inherited)";
				SWIFT_OPTIMIZATION_LEVEL = "-Onone";
			};
			name = Debug;
		};
		ECD617622AA4B7DC00C0633B /* Release */ = {
			isa = XCBuildConfiguration;
			buildSettings = {
				ALWAYS_SEARCH_USER_PATHS = NO;
				ASSETCATALOG_COMPILER_GENERATE_SWIFT_ASSET_SYMBOL_EXTENSIONS = YES;
				CLANG_ANALYZER_NONNULL = YES;
				CLANG_ANALYZER_NUMBER_OBJECT_CONVERSION = YES_AGGRESSIVE;
				CLANG_CXX_LANGUAGE_STANDARD = "gnu++20";
				CLANG_ENABLE_MODULES = YES;
				CLANG_ENABLE_OBJC_ARC = YES;
				CLANG_ENABLE_OBJC_WEAK = YES;
				CLANG_WARN_BLOCK_CAPTURE_AUTORELEASING = YES;
				CLANG_WARN_BOOL_CONVERSION = YES;
				CLANG_WARN_COMMA = YES;
				CLANG_WARN_CONSTANT_CONVERSION = YES;
				CLANG_WARN_DEPRECATED_OBJC_IMPLEMENTATIONS = YES;
				CLANG_WARN_DIRECT_OBJC_ISA_USAGE = YES_ERROR;
				CLANG_WARN_DOCUMENTATION_COMMENTS = YES;
				CLANG_WARN_EMPTY_BODY = YES;
				CLANG_WARN_ENUM_CONVERSION = YES;
				CLANG_WARN_INFINITE_RECURSION = YES;
				CLANG_WARN_INT_CONVERSION = YES;
				CLANG_WARN_NON_LITERAL_NULL_CONVERSION = YES;
				CLANG_WARN_OBJC_IMPLICIT_RETAIN_SELF = YES;
				CLANG_WARN_OBJC_LITERAL_CONVERSION = YES;
				CLANG_WARN_OBJC_ROOT_CLASS = YES_ERROR;
				CLANG_WARN_QUOTED_INCLUDE_IN_FRAMEWORK_HEADER = YES;
				CLANG_WARN_RANGE_LOOP_ANALYSIS = YES;
				CLANG_WARN_STRICT_PROTOTYPES = YES;
				CLANG_WARN_SUSPICIOUS_MOVE = YES;
				CLANG_WARN_UNGUARDED_AVAILABILITY = YES_AGGRESSIVE;
				CLANG_WARN_UNREACHABLE_CODE = YES;
				CLANG_WARN__DUPLICATE_METHOD_MATCH = YES;
				COPY_PHASE_STRIP = NO;
				DEBUG_INFORMATION_FORMAT = "dwarf-with-dsym";
				ENABLE_NS_ASSERTIONS = NO;
				ENABLE_STRICT_OBJC_MSGSEND = YES;
				ENABLE_USER_SCRIPT_SANDBOXING = YES;
				GCC_C_LANGUAGE_STANDARD = gnu17;
				GCC_NO_COMMON_BLOCKS = YES;
				GCC_WARN_64_TO_32_BIT_CONVERSION = YES;
				GCC_WARN_ABOUT_RETURN_TYPE = YES_ERROR;
				GCC_WARN_UNDECLARED_SELECTOR = YES;
				GCC_WARN_UNINITIALIZED_AUTOS = YES_AGGRESSIVE;
				GCC_WARN_UNUSED_FUNCTION = YES;
				GCC_WARN_UNUSED_VARIABLE = YES;
				IPHONEOS_DEPLOYMENT_TARGET = 17.0;
				LOCALIZATION_PREFERS_STRING_CATALOGS = YES;
				MTL_ENABLE_DEBUG_INFO = NO;
				MTL_FAST_MATH = YES;
				SDKROOT = iphoneos;
				SWIFT_COMPILATION_MODE = wholemodule;
				VALIDATE_PRODUCT = YES;
			};
			name = Release;
		};
		ECD617642AA4B7DC00C0633B /* Debug */ = {
			isa = XCBuildConfiguration;
			buildSettings = {
				ASSETCATALOG_COMPILER_APPICON_NAME = AppIcon;
				ASSETCATALOG_COMPILER_GLOBAL_ACCENT_COLOR_NAME = AccentColor;
				CODE_SIGN_STYLE = Automatic;
				CURRENT_PROJECT_VERSION = 1;
				DEVELOPMENT_TEAM = H5PLQ7F2W5;
				GENERATE_INFOPLIST_FILE = YES;
				INFOPLIST_FILE = MapKitTest/Info.plist;
				INFOPLIST_KEY_LSSupportsOpeningDocumentsInPlace = YES;
				INFOPLIST_KEY_UIApplicationSupportsIndirectInputEvents = YES;
				INFOPLIST_KEY_UILaunchStoryboardName = LaunchScreen;
				INFOPLIST_KEY_UISupportedInterfaceOrientations_iPad = "UIInterfaceOrientationPortrait UIInterfaceOrientationPortraitUpsideDown UIInterfaceOrientationLandscapeLeft UIInterfaceOrientationLandscapeRight";
				INFOPLIST_KEY_UISupportedInterfaceOrientations_iPhone = "UIInterfaceOrientationPortrait UIInterfaceOrientationLandscapeLeft UIInterfaceOrientationLandscapeRight";
				LD_RUNPATH_SEARCH_PATHS = (
					"$(inherited)",
					"@executable_path/Frameworks",
				);
				MARKETING_VERSION = 1.0;
				PRODUCT_BUNDLE_IDENTIFIER = fi.arcada.risklab.MapKitTest;
				PRODUCT_NAME = "$(TARGET_NAME)";
				SWIFT_EMIT_LOC_STRINGS = YES;
				SWIFT_VERSION = 5.0;
				TARGETED_DEVICE_FAMILY = "1,2";
			};
			name = Debug;
		};
		ECD617652AA4B7DC00C0633B /* Release */ = {
			isa = XCBuildConfiguration;
			buildSettings = {
				ASSETCATALOG_COMPILER_APPICON_NAME = AppIcon;
				ASSETCATALOG_COMPILER_GLOBAL_ACCENT_COLOR_NAME = AccentColor;
				CODE_SIGN_STYLE = Automatic;
				CURRENT_PROJECT_VERSION = 1;
				DEVELOPMENT_TEAM = H5PLQ7F2W5;
				GENERATE_INFOPLIST_FILE = YES;
				INFOPLIST_FILE = MapKitTest/Info.plist;
				INFOPLIST_KEY_LSSupportsOpeningDocumentsInPlace = YES;
				INFOPLIST_KEY_UIApplicationSupportsIndirectInputEvents = YES;
				INFOPLIST_KEY_UILaunchStoryboardName = LaunchScreen;
				INFOPLIST_KEY_UISupportedInterfaceOrientations_iPad = "UIInterfaceOrientationPortrait UIInterfaceOrientationPortraitUpsideDown UIInterfaceOrientationLandscapeLeft UIInterfaceOrientationLandscapeRight";
				INFOPLIST_KEY_UISupportedInterfaceOrientations_iPhone = "UIInterfaceOrientationPortrait UIInterfaceOrientationLandscapeLeft UIInterfaceOrientationLandscapeRight";
				LD_RUNPATH_SEARCH_PATHS = (
					"$(inherited)",
					"@executable_path/Frameworks",
				);
				MARKETING_VERSION = 1.0;
				PRODUCT_BUNDLE_IDENTIFIER = fi.arcada.risklab.MapKitTest;
				PRODUCT_NAME = "$(TARGET_NAME)";
				SWIFT_EMIT_LOC_STRINGS = YES;
				SWIFT_VERSION = 5.0;
				TARGETED_DEVICE_FAMILY = "1,2";
			};
			name = Release;
		};
/* End XCBuildConfiguration section */

/* Begin XCConfigurationList section */
		ECD6174A2AA4B7C400C0633B /* Build configuration list for PBXProject "HaSuRiski" */ = {
			isa = XCConfigurationList;
			buildConfigurations = (
				ECD617612AA4B7DC00C0633B /* Debug */,
				ECD617622AA4B7DC00C0633B /* Release */,
			);
			defaultConfigurationIsVisible = 0;
			defaultConfigurationName = Release;
		};
		ECD617632AA4B7DC00C0633B /* Build configuration list for PBXNativeTarget "HaSuRiski" */ = {
			isa = XCConfigurationList;
			buildConfigurations = (
				ECD617642AA4B7DC00C0633B /* Debug */,
				ECD617652AA4B7DC00C0633B /* Release */,
			);
			defaultConfigurationIsVisible = 0;
			defaultConfigurationName = Release;
		};
/* End XCConfigurationList section */

/* Begin XCLocalSwiftPackageReference section */
		9D2D080A2AA9F63D007AB5B7 /* XCLocalSwiftPackageReference "../Cache" */ = {
			isa = XCLocalSwiftPackageReference;
			relativePath = ../Cache;
		};
		ECD6178A2AA4BEAA00C0633B /* XCLocalSwiftPackageReference "../Semaphore" */ = {
			isa = XCLocalSwiftPackageReference;
			relativePath = ../Semaphore;
		};
/* End XCLocalSwiftPackageReference section */

/* Begin XCSwiftPackageProductDependency section */
		9D2D080B2AA9F63D007AB5B7 /* Cache */ = {
			isa = XCSwiftPackageProductDependency;
			productName = Cache;
		};
		9D8DD0812AA526730053FB8D /* Semaphore */ = {
			isa = XCSwiftPackageProductDependency;
			productName = Semaphore;
		};
/* End XCSwiftPackageProductDependency section */
	};
	rootObject = ECD617472AA4B7C400C0633B /* Project object */;
}
