// !$*UTF8*$!
{
	archiveVersion = 1;
	classes = {
	};
	objectVersion = 60;
	objects = {

/* Begin PBXBuildFile section */
		ECD617532AA4B7C400C0633B /* AppDelegate.swift in Sources */ = {isa = PBXBuildFile; fileRef = ECD617522AA4B7C400C0633B /* AppDelegate.swift */; };
		ECD617552AA4B7C400C0633B /* SceneDelegate.swift in Sources */ = {isa = PBXBuildFile; fileRef = ECD617542AA4B7C400C0633B /* SceneDelegate.swift */; };
		ECD6175C2AA4B7DC00C0633B /* Assets.xcassets in Resources */ = {isa = PBXBuildFile; fileRef = ECD6175B2AA4B7DC00C0633B /* Assets.xcassets */; };
		ECD6175F2AA4B7DC00C0633B /* LaunchScreen.storyboard in Resources */ = {isa = PBXBuildFile; fileRef = ECD6175D2AA4B7DC00C0633B /* LaunchScreen.storyboard */; };
		ECD617812AA4B90B00C0633B /* ContentView.swift in Sources */ = {isa = PBXBuildFile; fileRef = ECD617802AA4B90B00C0633B /* ContentView.swift */; };
		ECD617852AA4B9B200C0633B /* MapView.swift in Sources */ = {isa = PBXBuildFile; fileRef = ECD617842AA4B9B200C0633B /* MapView.swift */; };
		ECD617872AA4BD0D00C0633B /* LayersModel.swift in Sources */ = {isa = PBXBuildFile; fileRef = ECD617862AA4BD0D00C0633B /* LayersModel.swift */; };
		ECD6178C2AA4BEAA00C0633B /* Semaphore in Frameworks */ = {isa = PBXBuildFile; productRef = ECD6178B2AA4BEAA00C0633B /* Semaphore */; };
		ECD6178F2AA4E23200C0633B /* TilesModel.swift in Sources */ = {isa = PBXBuildFile; fileRef = ECD6178E2AA4E23200C0633B /* TilesModel.swift */; };
/* End PBXBuildFile section */

/* Begin PBXFileReference section */
		ECD6174F2AA4B7C400C0633B /* MapKitTest.app */ = {isa = PBXFileReference; explicitFileType = wrapper.application; includeInIndex = 0; path = MapKitTest.app; sourceTree = BUILT_PRODUCTS_DIR; };
		ECD617522AA4B7C400C0633B /* AppDelegate.swift */ = {isa = PBXFileReference; lastKnownFileType = sourcecode.swift; path = AppDelegate.swift; sourceTree = "<group>"; };
		ECD617542AA4B7C400C0633B /* SceneDelegate.swift */ = {isa = PBXFileReference; lastKnownFileType = sourcecode.swift; path = SceneDelegate.swift; sourceTree = "<group>"; };
		ECD6175B2AA4B7DC00C0633B /* Assets.xcassets */ = {isa = PBXFileReference; lastKnownFileType = folder.assetcatalog; path = Assets.xcassets; sourceTree = "<group>"; };
		ECD6175E2AA4B7DC00C0633B /* Base */ = {isa = PBXFileReference; lastKnownFileType = file.storyboard; name = Base; path = Base.lproj/LaunchScreen.storyboard; sourceTree = "<group>"; };
		ECD617602AA4B7DC00C0633B /* Info.plist */ = {isa = PBXFileReference; lastKnownFileType = text.plist.xml; path = Info.plist; sourceTree = "<group>"; };
		ECD617802AA4B90B00C0633B /* ContentView.swift */ = {isa = PBXFileReference; lastKnownFileType = sourcecode.swift; path = ContentView.swift; sourceTree = "<group>"; };
		ECD617842AA4B9B200C0633B /* MapView.swift */ = {isa = PBXFileReference; lastKnownFileType = sourcecode.swift; path = MapView.swift; sourceTree = "<group>"; };
		ECD617862AA4BD0D00C0633B /* LayersModel.swift */ = {isa = PBXFileReference; lastKnownFileType = sourcecode.swift; path = LayersModel.swift; sourceTree = "<group>"; };
		ECD6178E2AA4E23200C0633B /* TilesModel.swift */ = {isa = PBXFileReference; lastKnownFileType = sourcecode.swift; path = TilesModel.swift; sourceTree = "<group>"; };
/* End PBXFileReference section */

/* Begin PBXFrameworksBuildPhase section */
		ECD6174C2AA4B7C400C0633B /* Frameworks */ = {
			isa = PBXFrameworksBuildPhase;
			buildActionMask = 2147483647;
			files = (
				ECD6178C2AA4BEAA00C0633B /* Semaphore in Frameworks */,
			);
			runOnlyForDeploymentPostprocessing = 0;
		};
/* End PBXFrameworksBuildPhase section */

/* Begin PBXGroup section */
		ECD617462AA4B7C400C0633B = {
			isa = PBXGroup;
			children = (
				ECD617512AA4B7C400C0633B /* MapKitTest */,
				ECD617502AA4B7C400C0633B /* Products */,
			);
			sourceTree = "<group>";
		};
		ECD617502AA4B7C400C0633B /* Products */ = {
			isa = PBXGroup;
			children = (
				ECD6174F2AA4B7C400C0633B /* MapKitTest.app */,
			);
			name = Products;
			sourceTree = "<group>";
		};
		ECD617512AA4B7C400C0633B /* MapKitTest */ = {
			isa = PBXGroup;
			children = (
				ECD6178D2AA4E22600C0633B /* Model */,
				ECD617832AA4B9A700C0633B /* Views */,
				ECD6175B2AA4B7DC00C0633B /* Assets.xcassets */,
				ECD617602AA4B7DC00C0633B /* Info.plist */,
				ECD617822AA4B95B00C0633B /* Main */,
			);
			path = MapKitTest;
			sourceTree = "<group>";
		};
		ECD617822AA4B95B00C0633B /* Main */ = {
			isa = PBXGroup;
			children = (
				ECD617522AA4B7C400C0633B /* AppDelegate.swift */,
				ECD617542AA4B7C400C0633B /* SceneDelegate.swift */,
				ECD6175D2AA4B7DC00C0633B /* LaunchScreen.storyboard */,
				ECD617802AA4B90B00C0633B /* ContentView.swift */,
			);
			path = Main;
			sourceTree = "<group>";
		};
		ECD617832AA4B9A700C0633B /* Views */ = {
			isa = PBXGroup;
			children = (
				ECD617842AA4B9B200C0633B /* MapView.swift */,
			);
			path = Views;
			sourceTree = "<group>";
		};
		ECD6178D2AA4E22600C0633B /* Model */ = {
			isa = PBXGroup;
			children = (
				ECD617862AA4BD0D00C0633B /* LayersModel.swift */,
				ECD6178E2AA4E23200C0633B /* TilesModel.swift */,
			);
			path = Model;
			sourceTree = "<group>";
		};
/* End PBXGroup section */

/* Begin PBXNativeTarget section */
		ECD6174E2AA4B7C400C0633B /* MapKitTest */ = {
			isa = PBXNativeTarget;
			buildConfigurationList = ECD617632AA4B7DC00C0633B /* Build configuration list for PBXNativeTarget "MapKitTest" */;
			buildPhases = (
				ECD6174B2AA4B7C400C0633B /* Sources */,
				ECD6174C2AA4B7C400C0633B /* Frameworks */,
				ECD6174D2AA4B7C400C0633B /* Resources */,
			);
			buildRules = (
			);
			dependencies = (
			);
			name = MapKitTest;
			packageProductDependencies = (
				ECD6178B2AA4BEAA00C0633B /* Semaphore */,
			);
			productName = MapKitTest;
			productReference = ECD6174F2AA4B7C400C0633B /* MapKitTest.app */;
			productType = "com.apple.product-type.application";
		};
/* End PBXNativeTarget section */

/* Begin PBXProject section */
		ECD617472AA4B7C400C0633B /* Project object */ = {
			isa = PBXProject;
			attributes = {
				BuildIndependentTargetsInParallel = 1;
				LastSwiftUpdateCheck = 1500;
				LastUpgradeCheck = 1500;
				TargetAttributes = {
					ECD6174E2AA4B7C400C0633B = {
						CreatedOnToolsVersion = 15.0;
					};
				};
			};
			buildConfigurationList = ECD6174A2AA4B7C400C0633B /* Build configuration list for PBXProject "MapKitTest" */;
			compatibilityVersion = "Xcode 14.0";
			developmentRegion = en;
			hasScannedForEncodings = 0;
			knownRegions = (
				en,
				Base,
			);
			mainGroup = ECD617462AA4B7C400C0633B;
			packageReferences = (
				ECD6178A2AA4BEAA00C0633B /* XCLocalSwiftPackageReference "../Semaphore" */,
			);
			productRefGroup = ECD617502AA4B7C400C0633B /* Products */;
			projectDirPath = "";
			projectRoot = "";
			targets = (
				ECD6174E2AA4B7C400C0633B /* MapKitTest */,
			);
		};
/* End PBXProject section */

/* Begin PBXResourcesBuildPhase section */
		ECD6174D2AA4B7C400C0633B /* Resources */ = {
			isa = PBXResourcesBuildPhase;
			buildActionMask = 2147483647;
			files = (
				ECD6175F2AA4B7DC00C0633B /* LaunchScreen.storyboard in Resources */,
				ECD6175C2AA4B7DC00C0633B /* Assets.xcassets in Resources */,
			);
			runOnlyForDeploymentPostprocessing = 0;
		};
/* End PBXResourcesBuildPhase section */

/* Begin PBXSourcesBuildPhase section */
		ECD6174B2AA4B7C400C0633B /* Sources */ = {
			isa = PBXSourcesBuildPhase;
			buildActionMask = 2147483647;
			files = (
				ECD617532AA4B7C400C0633B /* AppDelegate.swift in Sources */,
				ECD617852AA4B9B200C0633B /* MapView.swift in Sources */,
				ECD617872AA4BD0D00C0633B /* LayersModel.swift in Sources */,
				ECD617812AA4B90B00C0633B /* ContentView.swift in Sources */,
				ECD617552AA4B7C400C0633B /* SceneDelegate.swift in Sources */,
				ECD6178F2AA4E23200C0633B /* TilesModel.swift in Sources */,
			);
			runOnlyForDeploymentPostprocessing = 0;
		};
/* End PBXSourcesBuildPhase section */

/* Begin PBXVariantGroup section */
		ECD6175D2AA4B7DC00C0633B /* LaunchScreen.storyboard */ = {
			isa = PBXVariantGroup;
			children = (
				ECD6175E2AA4B7DC00C0633B /* Base */,
			);
			name = LaunchScreen.storyboard;
			sourceTree = "<group>";
		};
/* End PBXVariantGroup section */

/* Begin XCBuildConfiguration section */
		ECD617612AA4B7DC00C0633B /* Debug */ = {
			isa = XCBuildConfiguration;
			buildSettings = {
				ALWAYS_SEARCH_USER_PATHS = NO;
				ASSETCATALOG_COMPILER_GENERATE_SWIFT_ASSET_SYMBOL_EXTENSIONS = YES;
				CLANG_ANALYZER_NONNULL = YES;
				CLANG_ANALYZER_NUMBER_OBJECT_CONVERSION = YES_AGGRESSIVE;
				CLANG_CXX_LANGUAGE_STANDARD = "gnu++20";
				CLANG_ENABLE_MODULES = YES;
				CLANG_ENABLE_OBJC_ARC = YES;
				CLANG_ENABLE_OBJC_WEAK = YES;
				CLANG_WARN_BLOCK_CAPTURE_AUTORELEASING = YES;
				CLANG_WARN_BOOL_CONVERSION = YES;
				CLANG_WARN_COMMA = YES;
				CLANG_WARN_CONSTANT_CONVERSION = YES;
				CLANG_WARN_DEPRECATED_OBJC_IMPLEMENTATIONS = YES;
				CLANG_WARN_DIRECT_OBJC_ISA_USAGE = YES_ERROR;
				CLANG_WARN_DOCUMENTATION_COMMENTS = YES;
				CLANG_WARN_EMPTY_BODY = YES;
				CLANG_WARN_ENUM_CONVERSION = YES;
				CLANG_WARN_INFINITE_RECURSION = YES;
				CLANG_WARN_INT_CONVERSION = YES;
				CLANG_WARN_NON_LITERAL_NULL_CONVERSION = YES;
				CLANG_WARN_OBJC_IMPLICIT_RETAIN_SELF = YES;
				CLANG_WARN_OBJC_LITERAL_CONVERSION = YES;
				CLANG_WARN_OBJC_ROOT_CLASS = YES_ERROR;
				CLANG_WARN_QUOTED_INCLUDE_IN_FRAMEWORK_HEADER = YES;
				CLANG_WARN_RANGE_LOOP_ANALYSIS = YES;
				CLANG_WARN_STRICT_PROTOTYPES = YES;
				CLANG_WARN_SUSPICIOUS_MOVE = YES;
				CLANG_WARN_UNGUARDED_AVAILABILITY = YES_AGGRESSIVE;
				CLANG_WARN_UNREACHABLE_CODE = YES;
				CLANG_WARN__DUPLICATE_METHOD_MATCH = YES;
				COPY_PHASE_STRIP = NO;
				DEBUG_INFORMATION_FORMAT = dwarf;
				ENABLE_STRICT_OBJC_MSGSEND = YES;
				ENABLE_TESTABILITY = YES;
				ENABLE_USER_SCRIPT_SANDBOXING = YES;
				GCC_C_LANGUAGE_STANDARD = gnu17;
				GCC_DYNAMIC_NO_PIC = NO;
				GCC_NO_COMMON_BLOCKS = YES;
				GCC_OPTIMIZATION_LEVEL = 0;
				GCC_PREPROCESSOR_DEFINITIONS = (
					"DEBUG=1",
					"$(inherited)",
				);
				GCC_WARN_64_TO_32_BIT_CONVERSION = YES;
				GCC_WARN_ABOUT_RETURN_TYPE = YES_ERROR;
				GCC_WARN_UNDECLARED_SELECTOR = YES;
				GCC_WARN_UNINITIALIZED_AUTOS = YES_AGGRESSIVE;
				GCC_WARN_UNUSED_FUNCTION = YES;
				GCC_WARN_UNUSED_VARIABLE = YES;
				IPHONEOS_DEPLOYMENT_TARGET = 17.0;
				LOCALIZATION_PREFERS_STRING_CATALOGS = YES;
				MTL_ENABLE_DEBUG_INFO = INCLUDE_SOURCE;
				MTL_FAST_MATH = YES;
				ONLY_ACTIVE_ARCH = YES;
				SDKROOT = iphoneos;
				SWIFT_ACTIVE_COMPILATION_CONDITIONS = "DEBUG $(inherited)";
				SWIFT_OPTIMIZATION_LEVEL = "-Onone";
			};
			name = Debug;
		};
		ECD617622AA4B7DC00C0633B /* Release */ = {
			isa = XCBuildConfiguration;
			buildSettings = {
				ALWAYS_SEARCH_USER_PATHS = NO;
				ASSETCATALOG_COMPILER_GENERATE_SWIFT_ASSET_SYMBOL_EXTENSIONS = YES;
				CLANG_ANALYZER_NONNULL = YES;
				CLANG_ANALYZER_NUMBER_OBJECT_CONVERSION = YES_AGGRESSIVE;
				CLANG_CXX_LANGUAGE_STANDARD = "gnu++20";
				CLANG_ENABLE_MODULES = YES;
				CLANG_ENABLE_OBJC_ARC = YES;
				CLANG_ENABLE_OBJC_WEAK = YES;
				CLANG_WARN_BLOCK_CAPTURE_AUTORELEASING = YES;
				CLANG_WARN_BOOL_CONVERSION = YES;
				CLANG_WARN_COMMA = YES;
				CLANG_WARN_CONSTANT_CONVERSION = YES;
				CLANG_WARN_DEPRECATED_OBJC_IMPLEMENTATIONS = YES;
				CLANG_WARN_DIRECT_OBJC_ISA_USAGE = YES_ERROR;
				CLANG_WARN_DOCUMENTATION_COMMENTS = YES;
				CLANG_WARN_EMPTY_BODY = YES;
				CLANG_WARN_ENUM_CONVERSION = YES;
				CLANG_WARN_INFINITE_RECURSION = YES;
				CLANG_WARN_INT_CONVERSION = YES;
				CLANG_WARN_NON_LITERAL_NULL_CONVERSION = YES;
				CLANG_WARN_OBJC_IMPLICIT_RETAIN_SELF = YES;
				CLANG_WARN_OBJC_LITERAL_CONVERSION = YES;
				CLANG_WARN_OBJC_ROOT_CLASS = YES_ERROR;
				CLANG_WARN_QUOTED_INCLUDE_IN_FRAMEWORK_HEADER = YES;
				CLANG_WARN_RANGE_LOOP_ANALYSIS = YES;
				CLANG_WARN_STRICT_PROTOTYPES = YES;
				CLANG_WARN_SUSPICIOUS_MOVE = YES;
				CLANG_WARN_UNGUARDED_AVAILABILITY = YES_AGGRESSIVE;
				CLANG_WARN_UNREACHABLE_CODE = YES;
				CLANG_WARN__DUPLICATE_METHOD_MATCH = YES;
				COPY_PHASE_STRIP = NO;
				DEBUG_INFORMATION_FORMAT = "dwarf-with-dsym";
				ENABLE_NS_ASSERTIONS = NO;
				ENABLE_STRICT_OBJC_MSGSEND = YES;
				ENABLE_USER_SCRIPT_SANDBOXING = YES;
				GCC_C_LANGUAGE_STANDARD = gnu17;
				GCC_NO_COMMON_BLOCKS = YES;
				GCC_WARN_64_TO_32_BIT_CONVERSION = YES;
				GCC_WARN_ABOUT_RETURN_TYPE = YES_ERROR;
				GCC_WARN_UNDECLARED_SELECTOR = YES;
				GCC_WARN_UNINITIALIZED_AUTOS = YES_AGGRESSIVE;
				GCC_WARN_UNUSED_FUNCTION = YES;
				GCC_WARN_UNUSED_VARIABLE = YES;
				IPHONEOS_DEPLOYMENT_TARGET = 17.0;
				LOCALIZATION_PREFERS_STRING_CATALOGS = YES;
				MTL_ENABLE_DEBUG_INFO = NO;
				MTL_FAST_MATH = YES;
				SDKROOT = iphoneos;
				SWIFT_COMPILATION_MODE = wholemodule;
				VALIDATE_PRODUCT = YES;
			};
			name = Release;
		};
		ECD617642AA4B7DC00C0633B /* Debug */ = {
			isa = XCBuildConfiguration;
			buildSettings = {
				ASSETCATALOG_COMPILER_APPICON_NAME = AppIcon;
				ASSETCATALOG_COMPILER_GLOBAL_ACCENT_COLOR_NAME = AccentColor;
				CODE_SIGN_STYLE = Automatic;
				CURRENT_PROJECT_VERSION = 1;
				DEVELOPMENT_TEAM = H5PLQ7F2W5;
				GENERATE_INFOPLIST_FILE = YES;
				INFOPLIST_FILE = MapKitTest/Info.plist;
				INFOPLIST_KEY_UIApplicationSupportsIndirectInputEvents = YES;
				INFOPLIST_KEY_UILaunchStoryboardName = LaunchScreen;
				INFOPLIST_KEY_UISupportedInterfaceOrientations_iPad = "UIInterfaceOrientationPortrait UIInterfaceOrientationPortraitUpsideDown UIInterfaceOrientationLandscapeLeft UIInterfaceOrientationLandscapeRight";
				INFOPLIST_KEY_UISupportedInterfaceOrientations_iPhone = "UIInterfaceOrientationPortrait UIInterfaceOrientationLandscapeLeft UIInterfaceOrientationLandscapeRight";
				LD_RUNPATH_SEARCH_PATHS = (
					"$(inherited)",
					"@executable_path/Frameworks",
				);
				MARKETING_VERSION = 1.0;
				PRODUCT_BUNDLE_IDENTIFIER = fi.arcada.risklab.MapKitTest;
				PRODUCT_NAME = "$(TARGET_NAME)";
				SWIFT_EMIT_LOC_STRINGS = YES;
				SWIFT_VERSION = 5.0;
				TARGETED_DEVICE_FAMILY = "1,2";
			};
			name = Debug;
		};
		ECD617652AA4B7DC00C0633B /* Release */ = {
			isa = XCBuildConfiguration;
			buildSettings = {
				ASSETCATALOG_COMPILER_APPICON_NAME = AppIcon;
				ASSETCATALOG_COMPILER_GLOBAL_ACCENT_COLOR_NAME = AccentColor;
				CODE_SIGN_STYLE = Automatic;
				CURRENT_PROJECT_VERSION = 1;
				DEVELOPMENT_TEAM = H5PLQ7F2W5;
				GENERATE_INFOPLIST_FILE = YES;
				INFOPLIST_FILE = MapKitTest/Info.plist;
				INFOPLIST_KEY_UIApplicationSupportsIndirectInputEvents = YES;
				INFOPLIST_KEY_UILaunchStoryboardName = LaunchScreen;
				INFOPLIST_KEY_UISupportedInterfaceOrientations_iPad = "UIInterfaceOrientationPortrait UIInterfaceOrientationPortraitUpsideDown UIInterfaceOrientationLandscapeLeft UIInterfaceOrientationLandscapeRight";
				INFOPLIST_KEY_UISupportedInterfaceOrientations_iPhone = "UIInterfaceOrientationPortrait UIInterfaceOrientationLandscapeLeft UIInterfaceOrientationLandscapeRight";
				LD_RUNPATH_SEARCH_PATHS = (
					"$(inherited)",
					"@executable_path/Frameworks",
				);
				MARKETING_VERSION = 1.0;
				PRODUCT_BUNDLE_IDENTIFIER = fi.arcada.risklab.MapKitTest;
				PRODUCT_NAME = "$(TARGET_NAME)";
				SWIFT_EMIT_LOC_STRINGS = YES;
				SWIFT_VERSION = 5.0;
				TARGETED_DEVICE_FAMILY = "1,2";
			};
			name = Release;
		};
/* End XCBuildConfiguration section */

/* Begin XCConfigurationList section */
		ECD6174A2AA4B7C400C0633B /* Build configuration list for PBXProject "MapKitTest" */ = {
			isa = XCConfigurationList;
			buildConfigurations = (
				ECD617612AA4B7DC00C0633B /* Debug */,
				ECD617622AA4B7DC00C0633B /* Release */,
			);
			defaultConfigurationIsVisible = 0;
			defaultConfigurationName = Release;
		};
		ECD617632AA4B7DC00C0633B /* Build configuration list for PBXNativeTarget "MapKitTest" */ = {
			isa = XCConfigurationList;
			buildConfigurations = (
				ECD617642AA4B7DC00C0633B /* Debug */,
				ECD617652AA4B7DC00C0633B /* Release */,
			);
			defaultConfigurationIsVisible = 0;
			defaultConfigurationName = Release;
		};
/* End XCConfigurationList section */

/* Begin XCLocalSwiftPackageReference section */
		ECD6178A2AA4BEAA00C0633B /* XCLocalSwiftPackageReference "../Semaphore" */ = {
			isa = XCLocalSwiftPackageReference;
			relativePath = ../Semaphore;
		};
/* End XCLocalSwiftPackageReference section */

/* Begin XCSwiftPackageProductDependency section */
		ECD6178B2AA4BEAA00C0633B /* Semaphore */ = {
			isa = XCSwiftPackageProductDependency;
			productName = Semaphore;
		};
/* End XCSwiftPackageProductDependency section */
	};
	rootObject = ECD617472AA4B7C400C0633B /* Project object */;
}
